github.com/dgrijalva/jwt-go v3.2.0+incompatible h1:7qlOGliEKZXTDg6OTjfoBKDXWrumCAMpl/TFQ4/5kLM=
github.com/dgrijalva/jwt-go v3.2.0+incompatible/go.mod h1:E3ru+11k8xSBh+hMPgOLZmtrrCbhqsmaPHjLKYnJCaQ=
golang.org/x/text v0.3.2 h1:tW2bmiBqwgJj/UpqtC8EpXEZVYOwU0yG4iWbprSVAcs=
golang.org/x/text v0.3.2/go.mod h1:bEr9sfX3Q8Zfm5fL9x+3itogRgK3+ptLWKqgva+5dAk=
golang.org/x/crypto v0.0.0-20190308221718-c2843e01d9a2 h1:VklqNMn3ovrHsnt90PveolxSbWFaJdECFbxSq0Mqo2M=
golang.org/x/crypto v0.0.0-20190308221718-c2843e01d9a2/go.mod h1:djNgcEr1/C05ACkg1iLfiJU5Ep61QUkGW8qpdssI0+w=
github.com/gin-gonic/gin v1.6.2 h1:88crIK7bPK5RGYQCOK8FVvLmWLTCBdJKinVYxk8Kp+M=
github.com/gin-gonic/gin v1.6.2/go.mod h1:75u5sXoLsGZoRN5Sgbi1euj/tKaAoHyOyQnOKm4xLb8=
go.etcd.io/etcd v0.5.0-alpha.5.0.20200306183522-221f0cc107cb h1:a]GjDfYeKAJrT2sVTYPvZv2CjlE8AE0L1Ld3N9RBJGU=
go.etcd.io/etcd v0.5.0-alpha.5.0.20200306183522-221f0cc107cb/go.mod h1:QxOIaQDJ3sK7pBUWMVo7aHt3pCxfWJcJ7ckiPPJLYsQ=
gopkg.in/yaml.v3 v3.0.0-20200313102051-9f266ea9e77c h1:dUUwHk2QECo/6vqA44rthZ8ie2QXMNeKRTHCNY2nXvo=
gopkg.in/yaml.v3 v3.0.0-20200313102051-9f266ea9e77c/go.mod h1:K4uyk7z7BCEPqu6E+C64 Voices/K4uyk7z7BCEPqu6E+C64=
github.com/gogo/protobuf v1.3.1 h1:DqDEcV5aeaTmdFBePNpYsp3FlcVH/2ISVVM9Qf8PSls=
github.com/gogo/protobuf v1.3.1/go.mod h1:SlYgWuQ5SjCEi6WLHjHCa1yvBfUnHcTbrrZtXPKa29o=
github.com/pascaldekloe/jwt v1.9.0 h1:zSCCvPvvOJqvAVk7fPTPJEHKv3QGa8QhFdVuU5kZ+PA=
github.com/pascaldekloe/jwt v1.9.0/go.mod h1:Z90dNPGH2oG/aY4wHlzgD7l87aXlG9sW7GWKW8P3tMc=
github.com/form3tech-oss/jwt-go v3.2.2+incompatible h1:TcekIExNqud5crz4xD2pavyTgWiPvpYe4Xau31I0PRk=
github.com/form3tech-oss/jwt-go v3.2.2+incompatible/go.mod h1:pbq4aXjuKjdthFRnoDwaVPLA+WlJuPGy+QneDUgJi2k=
go.etcd.io/bbolt v1.3.4 h1:hi1bXHMVrlQh6WwxAy+qZCV/SYIlqo+Ushwdpa4tAKg=
go.etcd.io/bbolt v1.3.4/go.mod h1:G5EMThwa9y8QZGBClrRx5EY+Ber9qdurFV/M5IqrJvo=
github.com/gorilla/websocket v1.4.0 h1:WDFjx/TMzVgy9VdMMQi2K2Emtwi2QcUQsztZ/zLaH/Q=
github.com/gorilla/websocket v1.4.0/go.mod h1:E7qHFY5m1UJ88s3WnNqhKjPHQ0heANvMoAMk2YaljkQ=
google.golang.org/grpc v1.27.0 h1:rRYRFMVgRv6E0D70Skyfsr28tDXIuuPZyWGMPdMcnXg=
google.golang.org/grpc v1.27.0/go.mod h1:qbnxyOmOxrQa7FizSgH+ReBfzJrCY1pSN7KXBS8abTk=
github.com/containerd/containerd v1.3.2 h1:ForxmXkA6tPIvffbrDAcPUIB32QgXkt2XFj+F0UxetA=
github.com/containerd/containerd v1.3.2/go.mod h1:bC6axHOhabU15QhwfG7w8+FZK8l/c7qSY7Y6o3l5EoQ=
github.com/charmbracelet/bubbletea v0.19.1 h1:3E3NkMj3bUJi4ZMaD0D1LlPf2j2R78FzQxWVjjyxKAw=
github.com/charmbracelet/bubbletea v0.19.1/go.mod h1:VuXF2pToRxDUHcBUcPmCRUHRvFATM4Ckb/ql1rBl3KA=
